
Microsoft Visual Studio Solution File, Format Version 12.00
# Visual Studio 14
VisualStudioVersion = 14.0.25420.1
MinimumVisualStudioVersion = 10.0.40219.1
Project("{FAE04EC0-301F-11D3-BF4B-00C04F79EFBC}") = "ball", "ball\ball.csproj", "{874AE689-32B4-4A4C-9AE2-529307BF4B3C}"
EndProject
Project("{FAE04EC0-301F-11D3-BF4B-00C04F79EFBC}") = "animationSimple", "animationSimple\animationSimple.csproj", "{86B1E856-435D-4A90-A72D-1AD2172DE4B4}"
EndProject
Project("{FAE04EC0-301F-11D3-BF4B-00C04F79EFBC}") = "AnimationStoryBoard", "AnimationStoryBoard\AnimationStoryBoard.csproj", "{89D623D1-7011-4271-A53A-56063EED427C}"
EndProject
Project("{FAE04EC0-301F-11D3-BF4B-00C04F79EFBC}") = "StoryBoardCode", "StoryBoardCode\StoryBoardCode.csproj", "{795BCD7A-4825-4DF0-B598-D80D543FA0F4}"
EndProject
Project("{FAE04EC0-301F-11D3-BF4B-00C04F79EFBC}") = "PathAnimation", "PathAnimation\PathAnimation.csproj", "{7DF38FF3-E4C0-4B7F-9C60-6FC2F2EA0972}"
EndProject
Project("{FAE04EC0-301F-11D3-BF4B-00C04F79EFBC}") = "ImageCle", "ImageCle\ImageCle.csproj", "{8D6AFC89-7B53-414F-90BB-CF11362B9EFF}"
EndProject
Global
	GlobalSection(SolutionConfigurationPlatforms) = preSolution
		Debug|Any CPU = Debug|Any CPU
		Release|Any CPU = Release|Any CPU
	EndGlobalSection
	GlobalSection(ProjectConfigurationPlatforms) = postSolution
		{874AE689-32B4-4A4C-9AE2-529307BF4B3C}.Debug|Any CPU.ActiveCfg = Debug|Any CPU
		{874AE689-32B4-4A4C-9AE2-529307BF4B3C}.Debug|Any CPU.Build.0 = Debug|Any CPU
		{874AE689-32B4-4A4C-9AE2-529307BF4B3C}.Release|Any CPU.ActiveCfg = Release|Any CPU
		{874AE689-32B4-4A4C-9AE2-529307BF4B3C}.Release|Any CPU.Build.0 = Release|Any CPU
		{86B1E856-435D-4A90-A72D-1AD2172DE4B4}.Debug|Any CPU.ActiveCfg = Debug|Any CPU
		{86B1E856-435D-4A90-A72D-1AD2172DE4B4}.Debug|Any CPU.Build.0 = Debug|Any CPU
		{86B1E856-435D-4A90-A72D-1AD2172DE4B4}.Release|Any CPU.ActiveCfg = Release|Any CPU
		{86B1E856-435D-4A90-A72D-1AD2172DE4B4}.Release|Any CPU.Build.0 = Release|Any CPU
		{89D623D1-7011-4271-A53A-56063EED427C}.Debug|Any CPU.ActiveCfg = Debug|Any CPU
		{89D623D1-7011-4271-A53A-56063EED427C}.Debug|Any CPU.Build.0 = Debug|Any CPU
		{89D623D1-7011-4271-A53A-56063EED427C}.Release|Any CPU.ActiveCfg = Release|Any CPU
		{89D623D1-7011-4271-A53A-56063EED427C}.Release|Any CPU.Build.0 = Release|Any CPU
		{795BCD7A-4825-4DF0-B598-D80D543FA0F4}.Debug|Any CPU.ActiveCfg = Debug|Any CPU
		{795BCD7A-4825-4DF0-B598-D80D543FA0F4}.Debug|Any CPU.Build.0 = Debug|Any CPU
		{795BCD7A-4825-4DF0-B598-D80D543FA0F4}.Release|Any CPU.ActiveCfg = Release|Any CPU
		{795BCD7A-4825-4DF0-B598-D80D543FA0F4}.Release|Any CPU.Build.0 = Release|Any CPU
		{7DF38FF3-E4C0-4B7F-9C60-6FC2F2EA0972}.Debug|Any CPU.ActiveCfg = Debug|Any CPU
		{7DF38FF3-E4C0-4B7F-9C60-6FC2F2EA0972}.Debug|Any CPU.Build.0 = Debug|Any CPU
		{7DF38FF3-E4C0-4B7F-9C60-6FC2F2EA0972}.Release|Any CPU.ActiveCfg = Release|Any CPU
		{7DF38FF3-E4C0-4B7F-9C60-6FC2F2EA0972}.Release|Any CPU.Build.0 = Release|Any CPU
		{8D6AFC89-7B53-414F-90BB-CF11362B9EFF}.Debug|Any CPU.ActiveCfg = Debug|Any CPU
		{8D6AFC89-7B53-414F-90BB-CF11362B9EFF}.Debug|Any CPU.Build.0 = Debug|Any CPU
		{8D6AFC89-7B53-414F-90BB-CF11362B9EFF}.Release|Any CPU.ActiveCfg = Release|Any CPU
		{8D6AFC89-7B53-414F-90BB-CF11362B9EFF}.Release|Any CPU.Build.0 = Release|Any CPU
	EndGlobalSection
	GlobalSection(SolutionProperties) = preSolution
		HideSolutionNode = FALSE
	EndGlobalSection
EndGlobal
